// !$*UTF8*$!
{
	archiveVersion = 1;
	classes = {
	};
	objectVersion = 46;
	objects = {

/* Begin PBXBuildFile section */
		770DB10219550C8000E9E3B6 /* AppDelegate.swift in Sources */ = {isa = PBXBuildFile; fileRef = 770DB10119550C8000E9E3B6 /* AppDelegate.swift */; };
		770DB10519550C8000E9E3B6 /* womcc.xcdatamodeld in Sources */ = {isa = PBXBuildFile; fileRef = 770DB10319550C8000E9E3B6 /* womcc.xcdatamodeld */; };
		770DB10719550C8000E9E3B6 /* Images.xcassets in Resources */ = {isa = PBXBuildFile; fileRef = 770DB10619550C8000E9E3B6 /* Images.xcassets */; };
		770DB11319550C8000E9E3B6 /* womccTests.swift in Sources */ = {isa = PBXBuildFile; fileRef = 770DB11219550C8000E9E3B6 /* womccTests.swift */; };
		770DB11F19550F7500E9E3B6 /* ColdCallEntryViewController.swift in Sources */ = {isa = PBXBuildFile; fileRef = 770DB11E19550F7500E9E3B6 /* ColdCallEntryViewController.swift */; };
		770DB1211956690500E9E3B6 /* CoreLocation.framework in Frameworks */ = {isa = PBXBuildFile; fileRef = 770DB1201956690500E9E3B6 /* CoreLocation.framework */; };
		7723E9D4195B749300BF120D /* CoreDataHelper.swift in Sources */ = {isa = PBXBuildFile; fileRef = 7723E9D3195B749300BF120D /* CoreDataHelper.swift */; };
		7728D4541961B10A00509ABB /* UIViewExtensions.swift in Sources */ = {isa = PBXBuildFile; fileRef = 7728D4531961B10A00509ABB /* UIViewExtensions.swift */; };
		7728D4561961C21E00509ABB /* ColdCallsNavigationController.swift in Sources */ = {isa = PBXBuildFile; fileRef = 7728D4551961C21E00509ABB /* ColdCallsNavigationController.swift */; };
		7728D4581962038500509ABB /* ColdCallsScrollView.swift in Sources */ = {isa = PBXBuildFile; fileRef = 7728D4571962038500509ABB /* ColdCallsScrollView.swift */; };
		7728D45A19621E0600509ABB /* Main.storyboard in Resources */ = {isa = PBXBuildFile; fileRef = 7728D45919621E0600509ABB /* Main.storyboard */; };
		7728D47E196479F300509ABB /* RMDateSelectionViewController.m in Sources */ = {isa = PBXBuildFile; fileRef = 7728D462196479F200509ABB /* RMDateSelectionViewController.m */; };
		775F5CAC195FA5EE00DC19F3 /* test_profile.jpg in Resources */ = {isa = PBXBuildFile; fileRef = 775F5CAB195FA5EE00DC19F3 /* test_profile.jpg */; };
		77607A0B195B7F65009CC747 /* ColdCalls.swift in Sources */ = {isa = PBXBuildFile; fileRef = 77607A0A195B7F65009CC747 /* ColdCalls.swift */; };
		77AC1BCC195DD17900FF82D1 /* Date.swift in Sources */ = {isa = PBXBuildFile; fileRef = 77AC1BCB195DD17900FF82D1 /* Date.swift */; };
		77AD52C11957A8130098359A /* ColdCallsTableViewController.swift in Sources */ = {isa = PBXBuildFile; fileRef = 77AD52C01957A8130098359A /* ColdCallsTableViewController.swift */; };
		77C2632419607FDF00DEE199 /* ColdCallsDetailViewController.swift in Sources */ = {isa = PBXBuildFile; fileRef = 77C2632319607FDF00DEE199 /* ColdCallsDetailViewController.swift */; };
		77C263261960CA5B00DEE199 /* ColdCallsEditViewController.swift in Sources */ = {isa = PBXBuildFile; fileRef = 77C263251960CA5B00DEE199 /* ColdCallsEditViewController.swift */; };
/* End PBXBuildFile section */

/* Begin PBXContainerItemProxy section */
		770DB10D19550C8000E9E3B6 /* PBXContainerItemProxy */ = {
			isa = PBXContainerItemProxy;
			containerPortal = 770DB0F419550C8000E9E3B6 /* Project object */;
			proxyType = 1;
			remoteGlobalIDString = 770DB0FB19550C8000E9E3B6;
			remoteInfo = womcc;
		};
/* End PBXContainerItemProxy section */

/* Begin PBXFileReference section */
		770DB0FC19550C8000E9E3B6 /* womcc.app */ = {isa = PBXFileReference; explicitFileType = wrapper.application; includeInIndex = 0; path = womcc.app; sourceTree = BUILT_PRODUCTS_DIR; };
		770DB10019550C8000E9E3B6 /* Info.plist */ = {isa = PBXFileReference; lastKnownFileType = text.plist.xml; path = Info.plist; sourceTree = "<group>"; };
		770DB10119550C8000E9E3B6 /* AppDelegate.swift */ = {isa = PBXFileReference; lastKnownFileType = sourcecode.swift; path = AppDelegate.swift; sourceTree = "<group>"; };
		770DB10419550C8000E9E3B6 /* womcc.xcdatamodel */ = {isa = PBXFileReference; lastKnownFileType = wrapper.xcdatamodel; path = womcc.xcdatamodel; sourceTree = "<group>"; };
		770DB10619550C8000E9E3B6 /* Images.xcassets */ = {isa = PBXFileReference; lastKnownFileType = folder.assetcatalog; path = Images.xcassets; sourceTree = "<group>"; };
		770DB10C19550C8000E9E3B6 /* womccTests.xctest */ = {isa = PBXFileReference; explicitFileType = wrapper.cfbundle; includeInIndex = 0; path = womccTests.xctest; sourceTree = BUILT_PRODUCTS_DIR; };
		770DB11119550C8000E9E3B6 /* Info.plist */ = {isa = PBXFileReference; lastKnownFileType = text.plist.xml; path = Info.plist; sourceTree = "<group>"; };
		770DB11219550C8000E9E3B6 /* womccTests.swift */ = {isa = PBXFileReference; lastKnownFileType = sourcecode.swift; path = womccTests.swift; sourceTree = "<group>"; };
		770DB11E19550F7500E9E3B6 /* ColdCallEntryViewController.swift */ = {isa = PBXFileReference; fileEncoding = 4; lastKnownFileType = sourcecode.swift; path = ColdCallEntryViewController.swift; sourceTree = "<group>"; };
		770DB1201956690500E9E3B6 /* CoreLocation.framework */ = {isa = PBXFileReference; lastKnownFileType = wrapper.framework; name = CoreLocation.framework; path = System/Library/Frameworks/CoreLocation.framework; sourceTree = SDKROOT; };
		7723E9D3195B749300BF120D /* CoreDataHelper.swift */ = {isa = PBXFileReference; fileEncoding = 4; lastKnownFileType = sourcecode.swift; path = CoreDataHelper.swift; sourceTree = "<group>"; };
		7728D4531961B10A00509ABB /* UIViewExtensions.swift */ = {isa = PBXFileReference; fileEncoding = 4; lastKnownFileType = sourcecode.swift; path = UIViewExtensions.swift; sourceTree = "<group>"; };
		7728D4551961C21E00509ABB /* ColdCallsNavigationController.swift */ = {isa = PBXFileReference; fileEncoding = 4; lastKnownFileType = sourcecode.swift; path = ColdCallsNavigationController.swift; sourceTree = "<group>"; };
		7728D4571962038500509ABB /* ColdCallsScrollView.swift */ = {isa = PBXFileReference; fileEncoding = 4; lastKnownFileType = sourcecode.swift; path = ColdCallsScrollView.swift; sourceTree = "<group>"; };
		7728D45919621E0600509ABB /* Main.storyboard */ = {isa = PBXFileReference; fileEncoding = 4; lastKnownFileType = file.storyboard; path = Main.storyboard; sourceTree = "<group>"; };
		7728D461196479F200509ABB /* RMDateSelectionViewController.h */ = {isa = PBXFileReference; fileEncoding = 4; lastKnownFileType = sourcecode.c.h; name = RMDateSelectionViewController.h; path = "RMDateSelectionViewController-master/RMDateSelectionViewController/RMDateSelectionViewController.h"; sourceTree = "<group>"; };
		7728D462196479F200509ABB /* RMDateSelectionViewController.m */ = {isa = PBXFileReference; fileEncoding = 4; lastKnownFileType = sourcecode.c.objc; name = RMDateSelectionViewController.m; path = "RMDateSelectionViewController-master/RMDateSelectionViewController/RMDateSelectionViewController.m"; sourceTree = "<group>"; };
		7728D4C01964862800509ABB /* womcc-Bridging-Header.h */ = {isa = PBXFileReference; lastKnownFileType = sourcecode.c.h; path = "womcc-Bridging-Header.h"; sourceTree = "<group>"; };
		775F5CAB195FA5EE00DC19F3 /* test_profile.jpg */ = {isa = PBXFileReference; lastKnownFileType = image.jpeg; path = test_profile.jpg; sourceTree = "<group>"; };
		77607A0A195B7F65009CC747 /* ColdCalls.swift */ = {isa = PBXFileReference; fileEncoding = 4; lastKnownFileType = sourcecode.swift; path = ColdCalls.swift; sourceTree = "<group>"; };
		77AC1BCB195DD17900FF82D1 /* Date.swift */ = {isa = PBXFileReference; fileEncoding = 4; lastKnownFileType = sourcecode.swift; path = Date.swift; sourceTree = "<group>"; };
		77AD52C01957A8130098359A /* ColdCallsTableViewController.swift */ = {isa = PBXFileReference; fileEncoding = 4; lastKnownFileType = sourcecode.swift; path = ColdCallsTableViewController.swift; sourceTree = "<group>"; };
		77C2632319607FDF00DEE199 /* ColdCallsDetailViewController.swift */ = {isa = PBXFileReference; fileEncoding = 4; lastKnownFileType = sourcecode.swift; path = ColdCallsDetailViewController.swift; sourceTree = "<group>"; };
		77C263251960CA5B00DEE199 /* ColdCallsEditViewController.swift */ = {isa = PBXFileReference; fileEncoding = 4; lastKnownFileType = sourcecode.swift; path = ColdCallsEditViewController.swift; sourceTree = "<group>"; };
/* End PBXFileReference section */

/* Begin PBXFrameworksBuildPhase section */
		770DB0F919550C8000E9E3B6 /* Frameworks */ = {
			isa = PBXFrameworksBuildPhase;
			buildActionMask = 2147483647;
			files = (
				770DB1211956690500E9E3B6 /* CoreLocation.framework in Frameworks */,
			);
			runOnlyForDeploymentPostprocessing = 0;
		};
		770DB10919550C8000E9E3B6 /* Frameworks */ = {
			isa = PBXFrameworksBuildPhase;
			buildActionMask = 2147483647;
			files = (
			);
			runOnlyForDeploymentPostprocessing = 0;
		};
/* End PBXFrameworksBuildPhase section */

/* Begin PBXGroup section */
		770DB0F319550C8000E9E3B6 = {
			isa = PBXGroup;
			children = (
				770DB1201956690500E9E3B6 /* CoreLocation.framework */,
				770DB0FE19550C8000E9E3B6 /* womcc */,
				770DB10F19550C8000E9E3B6 /* womccTests */,
				770DB0FD19550C8000E9E3B6 /* Products */,
			);
			sourceTree = "<group>";
		};
		770DB0FD19550C8000E9E3B6 /* Products */ = {
			isa = PBXGroup;
			children = (
				770DB0FC19550C8000E9E3B6 /* womcc.app */,
				770DB10C19550C8000E9E3B6 /* womccTests.xctest */,
			);
			name = Products;
			sourceTree = "<group>";
		};
		770DB0FE19550C8000E9E3B6 /* womcc */ = {
			isa = PBXGroup;
			children = (
				7728D4C01964862800509ABB /* womcc-Bridging-Header.h */,
				7728D461196479F200509ABB /* RMDateSelectionViewController.h */,
				7728D462196479F200509ABB /* RMDateSelectionViewController.m */,
				7728D45919621E0600509ABB /* Main.storyboard */,
				770DB10119550C8000E9E3B6 /* AppDelegate.swift */,
				7728D4551961C21E00509ABB /* ColdCallsNavigationController.swift */,
				770DB11E19550F7500E9E3B6 /* ColdCallEntryViewController.swift */,
				77AD52C01957A8130098359A /* ColdCallsTableViewController.swift */,
				77C2632319607FDF00DEE199 /* ColdCallsDetailViewController.swift */,
				77C263251960CA5B00DEE199 /* ColdCallsEditViewController.swift */,
				770DB10319550C8000E9E3B6 /* womcc.xcdatamodeld */,
				770DB10619550C8000E9E3B6 /* Images.xcassets */,
				775F5CAB195FA5EE00DC19F3 /* test_profile.jpg */,
				770DB0FF19550C8000E9E3B6 /* Supporting Files */,
				77607A0A195B7F65009CC747 /* ColdCalls.swift */,
				7723E9D3195B749300BF120D /* CoreDataHelper.swift */,
				77AC1BCB195DD17900FF82D1 /* Date.swift */,
				7728D4531961B10A00509ABB /* UIViewExtensions.swift */,
				7728D4571962038500509ABB /* ColdCallsScrollView.swift */,
			);
			path = womcc;
			sourceTree = "<group>";
		};
		770DB0FF19550C8000E9E3B6 /* Supporting Files */ = {
			isa = PBXGroup;
			children = (
				770DB10019550C8000E9E3B6 /* Info.plist */,
			);
			name = "Supporting Files";
			sourceTree = "<group>";
		};
		770DB10F19550C8000E9E3B6 /* womccTests */ = {
			isa = PBXGroup;
			children = (
				770DB11219550C8000E9E3B6 /* womccTests.swift */,
				770DB11019550C8000E9E3B6 /* Supporting Files */,
			);
			path = womccTests;
			sourceTree = "<group>";
		};
		770DB11019550C8000E9E3B6 /* Supporting Files */ = {
			isa = PBXGroup;
			children = (
				770DB11119550C8000E9E3B6 /* Info.plist */,
			);
			name = "Supporting Files";
			sourceTree = "<group>";
		};
/* End PBXGroup section */

/* Begin PBXNativeTarget section */
		770DB0FB19550C8000E9E3B6 /* womcc */ = {
			isa = PBXNativeTarget;
			buildConfigurationList = 770DB11619550C8000E9E3B6 /* Build configuration list for PBXNativeTarget "womcc" */;
			buildPhases = (
				770DB0F819550C8000E9E3B6 /* Sources */,
				770DB0F919550C8000E9E3B6 /* Frameworks */,
				770DB0FA19550C8000E9E3B6 /* Resources */,
			);
			buildRules = (
			);
			dependencies = (
			);
			name = womcc;
			productName = womcc;
			productReference = 770DB0FC19550C8000E9E3B6 /* womcc.app */;
			productType = "com.apple.product-type.application";
		};
		770DB10B19550C8000E9E3B6 /* womccTests */ = {
			isa = PBXNativeTarget;
			buildConfigurationList = 770DB11919550C8000E9E3B6 /* Build configuration list for PBXNativeTarget "womccTests" */;
			buildPhases = (
				770DB10819550C8000E9E3B6 /* Sources */,
				770DB10919550C8000E9E3B6 /* Frameworks */,
				770DB10A19550C8000E9E3B6 /* Resources */,
			);
			buildRules = (
			);
			dependencies = (
				770DB10E19550C8000E9E3B6 /* PBXTargetDependency */,
			);
			name = womccTests;
			productName = womccTests;
			productReference = 770DB10C19550C8000E9E3B6 /* womccTests.xctest */;
			productType = "com.apple.product-type.bundle.unit-test";
		};
/* End PBXNativeTarget section */

/* Begin PBXProject section */
		770DB0F419550C8000E9E3B6 /* Project object */ = {
			isa = PBXProject;
			attributes = {
				LastUpgradeCheck = 0600;
				ORGANIZATIONNAME = "Jason Crump";
				TargetAttributes = {
					770DB0FB19550C8000E9E3B6 = {
						CreatedOnToolsVersion = 6.0;
						DevelopmentTeam = 78RWM7UYG3;
					};
					770DB10B19550C8000E9E3B6 = {
						CreatedOnToolsVersion = 6.0;
						TestTargetID = 770DB0FB19550C8000E9E3B6;
					};
				};
			};
			buildConfigurationList = 770DB0F719550C8000E9E3B6 /* Build configuration list for PBXProject "womcc" */;
			compatibilityVersion = "Xcode 3.2";
			developmentRegion = English;
			hasScannedForEncodings = 0;
			knownRegions = (
				en,
			);
			mainGroup = 770DB0F319550C8000E9E3B6;
			productRefGroup = 770DB0FD19550C8000E9E3B6 /* Products */;
			projectDirPath = "";
			projectRoot = "";
			targets = (
				770DB0FB19550C8000E9E3B6 /* womcc */,
				770DB10B19550C8000E9E3B6 /* womccTests */,
			);
		};
/* End PBXProject section */

/* Begin PBXResourcesBuildPhase section */
		770DB0FA19550C8000E9E3B6 /* Resources */ = {
			isa = PBXResourcesBuildPhase;
			buildActionMask = 2147483647;
			files = (
				7728D45A19621E0600509ABB /* Main.storyboard in Resources */,
				770DB10719550C8000E9E3B6 /* Images.xcassets in Resources */,
				775F5CAC195FA5EE00DC19F3 /* test_profile.jpg in Resources */,
			);
			runOnlyForDeploymentPostprocessing = 0;
		};
		770DB10A19550C8000E9E3B6 /* Resources */ = {
			isa = PBXResourcesBuildPhase;
			buildActionMask = 2147483647;
			files = (
			);
			runOnlyForDeploymentPostprocessing = 0;
		};
/* End PBXResourcesBuildPhase section */

/* Begin PBXSourcesBuildPhase section */
		770DB0F819550C8000E9E3B6 /* Sources */ = {
			isa = PBXSourcesBuildPhase;
			buildActionMask = 2147483647;
			files = (
				7728D47E196479F300509ABB /* RMDateSelectionViewController.m in Sources */,
				7728D4541961B10A00509ABB /* UIViewExtensions.swift in Sources */,
				7723E9D4195B749300BF120D /* CoreDataHelper.swift in Sources */,
				770DB10219550C8000E9E3B6 /* AppDelegate.swift in Sources */,
				77AD52C11957A8130098359A /* ColdCallsTableViewController.swift in Sources */,
				77C2632419607FDF00DEE199 /* ColdCallsDetailViewController.swift in Sources */,
				77AC1BCC195DD17900FF82D1 /* Date.swift in Sources */,
				7728D4561961C21E00509ABB /* ColdCallsNavigationController.swift in Sources */,
				77C263261960CA5B00DEE199 /* ColdCallsEditViewController.swift in Sources */,
				77607A0B195B7F65009CC747 /* ColdCalls.swift in Sources */,
				770DB11F19550F7500E9E3B6 /* ColdCallEntryViewController.swift in Sources */,
				770DB10519550C8000E9E3B6 /* womcc.xcdatamodeld in Sources */,
				7728D4581962038500509ABB /* ColdCallsScrollView.swift in Sources */,
			);
			runOnlyForDeploymentPostprocessing = 0;
		};
		770DB10819550C8000E9E3B6 /* Sources */ = {
			isa = PBXSourcesBuildPhase;
			buildActionMask = 2147483647;
			files = (
				770DB11319550C8000E9E3B6 /* womccTests.swift in Sources */,
			);
			runOnlyForDeploymentPostprocessing = 0;
		};
/* End PBXSourcesBuildPhase section */

/* Begin PBXTargetDependency section */
		770DB10E19550C8000E9E3B6 /* PBXTargetDependency */ = {
			isa = PBXTargetDependency;
			target = 770DB0FB19550C8000E9E3B6 /* womcc */;
			targetProxy = 770DB10D19550C8000E9E3B6 /* PBXContainerItemProxy */;
		};
/* End PBXTargetDependency section */

/* Begin XCBuildConfiguration section */
		770DB11419550C8000E9E3B6 /* Debug */ = {
			isa = XCBuildConfiguration;
			buildSettings = {
				ALWAYS_SEARCH_USER_PATHS = NO;
				CLANG_CXX_LANGUAGE_STANDARD = "gnu++0x";
				CLANG_CXX_LIBRARY = "libc++";
				CLANG_ENABLE_MODULES = YES;
				CLANG_ENABLE_OBJC_ARC = YES;
				CLANG_WARN_BOOL_CONVERSION = YES;
				CLANG_WARN_CONSTANT_CONVERSION = YES;
				CLANG_WARN_DIRECT_OBJC_ISA_USAGE = YES_ERROR;
				CLANG_WARN_EMPTY_BODY = YES;
				CLANG_WARN_ENUM_CONVERSION = YES;
				CLANG_WARN_INT_CONVERSION = YES;
				CLANG_WARN_OBJC_ROOT_CLASS = YES_ERROR;
				CLANG_WARN_UNREACHABLE_CODE = YES;
				CLANG_WARN__DUPLICATE_METHOD_MATCH = YES;
				"CODE_SIGN_IDENTITY[sdk=iphoneos*]" = "iPhone Developer";
				COPY_PHASE_STRIP = NO;
				ENABLE_STRICT_OBJC_MSGSEND = YES;
				GCC_C_LANGUAGE_STANDARD = gnu99;
				GCC_DYNAMIC_NO_PIC = NO;
				GCC_OPTIMIZATION_LEVEL = 0;
				GCC_PREPROCESSOR_DEFINITIONS = (
					"DEBUG=1",
					"$(inherited)",
				);
				GCC_SYMBOLS_PRIVATE_EXTERN = NO;
				GCC_WARN_64_TO_32_BIT_CONVERSION = YES;
				GCC_WARN_ABOUT_RETURN_TYPE = YES_ERROR;
				GCC_WARN_UNDECLARED_SELECTOR = YES;
				GCC_WARN_UNINITIALIZED_AUTOS = YES_AGGRESSIVE;
				GCC_WARN_UNUSED_FUNCTION = YES;
				GCC_WARN_UNUSED_VARIABLE = YES;
				IPHONEOS_DEPLOYMENT_TARGET = 8.0;
				METAL_ENABLE_DEBUG_INFO = YES;
				ONLY_ACTIVE_ARCH = YES;
				SDKROOT = iphoneos;
				SWIFT_OPTIMIZATION_LEVEL = "-Onone";
			};
			name = Debug;
		};
		770DB11519550C8000E9E3B6 /* Release */ = {
			isa = XCBuildConfiguration;
			buildSettings = {
				ALWAYS_SEARCH_USER_PATHS = NO;
				CLANG_CXX_LANGUAGE_STANDARD = "gnu++0x";
				CLANG_CXX_LIBRARY = "libc++";
				CLANG_ENABLE_MODULES = YES;
				CLANG_ENABLE_OBJC_ARC = YES;
				CLANG_WARN_BOOL_CONVERSION = YES;
				CLANG_WARN_CONSTANT_CONVERSION = YES;
				CLANG_WARN_DIRECT_OBJC_ISA_USAGE = YES_ERROR;
				CLANG_WARN_EMPTY_BODY = YES;
				CLANG_WARN_ENUM_CONVERSION = YES;
				CLANG_WARN_INT_CONVERSION = YES;
				CLANG_WARN_OBJC_ROOT_CLASS = YES_ERROR;
				CLANG_WARN_UNREACHABLE_CODE = YES;
				CLANG_WARN__DUPLICATE_METHOD_MATCH = YES;
				"CODE_SIGN_IDENTITY[sdk=iphoneos*]" = "iPhone Developer";
				COPY_PHASE_STRIP = YES;
				ENABLE_NS_ASSERTIONS = NO;
				ENABLE_STRICT_OBJC_MSGSEND = YES;
				GCC_C_LANGUAGE_STANDARD = gnu99;
				GCC_WARN_64_TO_32_BIT_CONVERSION = YES;
				GCC_WARN_ABOUT_RETURN_TYPE = YES_ERROR;
				GCC_WARN_UNDECLARED_SELECTOR = YES;
				GCC_WARN_UNINITIALIZED_AUTOS = YES_AGGRESSIVE;
				GCC_WARN_UNUSED_FUNCTION = YES;
				GCC_WARN_UNUSED_VARIABLE = YES;
				IPHONEOS_DEPLOYMENT_TARGET = 8.0;
				METAL_ENABLE_DEBUG_INFO = NO;
				SDKROOT = iphoneos;
				VALIDATE_PRODUCT = YES;
			};
			name = Release;
		};
		770DB11719550C8000E9E3B6 /* Debug */ = {
			isa = XCBuildConfiguration;
			buildSettings = {
				ASSETCATALOG_COMPILER_APPICON_NAME = AppIcon;
				ASSETCATALOG_COMPILER_LAUNCHIMAGE_NAME = LaunchImage;
				INFOPLIST_FILE = womcc/Info.plist;
				LD_RUNPATH_SEARCH_PATHS = "$(inherited) @executable_path/Frameworks";
				PRODUCT_NAME = "$(TARGET_NAME)";
				SWIFT_INSTALL_OBJC_HEADER = YES;
				SWIFT_OBJC_BRIDGING_HEADER = "womcc/womcc-Bridging-Header.h";
			};
			name = Debug;
		};
		770DB11819550C8000E9E3B6 /* Release */ = {
			isa = XCBuildConfiguration;
			buildSettings = {
				ASSETCATALOG_COMPILER_APPICON_NAME = AppIcon;
				ASSETCATALOG_COMPILER_LAUNCHIMAGE_NAME = LaunchImage;
				INFOPLIST_FILE = womcc/Info.plist;
				LD_RUNPATH_SEARCH_PATHS = "$(inherited) @executable_path/Frameworks";
				PRODUCT_NAME = "$(TARGET_NAME)";
				SWIFT_INSTALL_OBJC_HEADER = YES;
				SWIFT_OBJC_BRIDGING_HEADER = "womcc/womcc-Bridging-Header.h";
			};
			name = Release;
		};
		770DB11A19550C8000E9E3B6 /* Debug */ = {
			isa = XCBuildConfiguration;
			buildSettings = {
				BUNDLE_LOADER = "$(BUILT_PRODUCTS_DIR)/womcc.app/womcc";
				FRAMEWORK_SEARCH_PATHS = (
					"$(SDKROOT)/Developer/Library/Frameworks",
					"$(inherited)",
				);
				GCC_PREPROCESSOR_DEFINITIONS = (
					"DEBUG=1",
					"$(inherited)",
				);
				INFOPLIST_FILE = womccTests/Info.plist;
				LD_RUNPATH_SEARCH_PATHS = "$(inherited) @executable_path/Frameworks @loader_path/Frameworks";
				METAL_ENABLE_DEBUG_INFO = YES;
				PRODUCT_NAME = "$(TARGET_NAME)";
				TEST_HOST = "$(BUNDLE_LOADER)";
			};
			name = Debug;
		};
		770DB11B19550C8000E9E3B6 /* Release */ = {
			isa = XCBuildConfiguration;
			buildSettings = {
				BUNDLE_LOADER = "$(BUILT_PRODUCTS_DIR)/womcc.app/womcc";
				FRAMEWORK_SEARCH_PATHS = (
					"$(SDKROOT)/Developer/Library/Frameworks",
					"$(inherited)",
				);
				INFOPLIST_FILE = womccTests/Info.plist;
				LD_RUNPATH_SEARCH_PATHS = "$(inherited) @executable_path/Frameworks @loader_path/Frameworks";
				METAL_ENABLE_DEBUG_INFO = NO;
				PRODUCT_NAME = "$(TARGET_NAME)";
				TEST_HOST = "$(BUNDLE_LOADER)";
			};
			name = Release;
		};
/* End XCBuildConfiguration section */

/* Begin XCConfigurationList section */
		770DB0F719550C8000E9E3B6 /* Build configuration list for PBXProject "womcc" */ = {
			isa = XCConfigurationList;
			buildConfigurations = (
				770DB11419550C8000E9E3B6 /* Debug */,
				770DB11519550C8000E9E3B6 /* Release */,
			);
			defaultConfigurationIsVisible = 0;
			defaultConfigurationName = Release;
		};
		770DB11619550C8000E9E3B6 /* Build configuration list for PBXNativeTarget "womcc" */ = {
			isa = XCConfigurationList;
			buildConfigurations = (
				770DB11719550C8000E9E3B6 /* Debug */,
				770DB11819550C8000E9E3B6 /* Release */,
			);
			defaultConfigurationIsVisible = 0;
			defaultConfigurationName = Release;
		};
		770DB11919550C8000E9E3B6 /* Build configuration list for PBXNativeTarget "womccTests" */ = {
			isa = XCConfigurationList;
			buildConfigurations = (
				770DB11A19550C8000E9E3B6 /* Debug */,
				770DB11B19550C8000E9E3B6 /* Release */,
			);
			defaultConfigurationIsVisible = 0;
			defaultConfigurationName = Release;
		};
/* End XCConfigurationList section */

/* Begin XCVersionGroup section */
		770DB10319550C8000E9E3B6 /* womcc.xcdatamodeld */ = {
			isa = XCVersionGroup;
			children = (
				770DB10419550C8000E9E3B6 /* womcc.xcdatamodel */,
			);
			currentVersion = 770DB10419550C8000E9E3B6 /* womcc.xcdatamodel */;
			path = womcc.xcdatamodeld;
			sourceTree = "<group>";
			versionGroupType = wrapper.xcdatamodel;
		};
/* End XCVersionGroup section */
	};
	rootObject = 770DB0F419550C8000E9E3B6 /* Project object */;
}
